// !$*UTF8*$!
{
	archiveVersion = 1;
	classes = {
	};
	objectVersion = 46;
	objects = {

/* Begin PBXBuildFile section */
		CEBB3C3919F89207000A4750 /* AppDelegate.swift in Sources */ = {isa = PBXBuildFile; fileRef = CEBB3C3819F89207000A4750 /* AppDelegate.swift */; };
		CEBB3C3B19F89207000A4750 /* ViewController.swift in Sources */ = {isa = PBXBuildFile; fileRef = CEBB3C3A19F89207000A4750 /* ViewController.swift */; };
		CEBB3C3E19F89207000A4750 /* Main.storyboard in Resources */ = {isa = PBXBuildFile; fileRef = CEBB3C3C19F89207000A4750 /* Main.storyboard */; };
		CEBB3C4019F89207000A4750 /* Images.xcassets in Resources */ = {isa = PBXBuildFile; fileRef = CEBB3C3F19F89207000A4750 /* Images.xcassets */; };
		CEBB3C4319F89207000A4750 /* LaunchScreen.xib in Resources */ = {isa = PBXBuildFile; fileRef = CEBB3C4119F89207000A4750 /* LaunchScreen.xib */; };
		CEBB3C4F19F89208000A4750 /* _9RedBalloonsTests.swift in Sources */ = {isa = PBXBuildFile; fileRef = CEBB3C4E19F89208000A4750 /* _9RedBalloonsTests.swift */; };
/* End PBXBuildFile section */

/* Begin PBXContainerItemProxy section */
		CEBB3C4919F89208000A4750 /* PBXContainerItemProxy */ = {
			isa = PBXContainerItemProxy;
			containerPortal = CEBB3C2B19F89207000A4750 /* Project object */;
			proxyType = 1;
			remoteGlobalIDString = CEBB3C3219F89207000A4750;
			remoteInfo = 99RedBalloons;
		};
/* End PBXContainerItemProxy section */

/* Begin PBXFileReference section */
		CEBB3C3319F89207000A4750 /* 99RedBalloons.app */ = {isa = PBXFileReference; explicitFileType = wrapper.application; includeInIndex = 0; path = 99RedBalloons.app; sourceTree = BUILT_PRODUCTS_DIR; };
		CEBB3C3719F89207000A4750 /* Info.plist */ = {isa = PBXFileReference; lastKnownFileType = text.plist.xml; path = Info.plist; sourceTree = "<group>"; };
		CEBB3C3819F89207000A4750 /* AppDelegate.swift */ = {isa = PBXFileReference; lastKnownFileType = sourcecode.swift; path = AppDelegate.swift; sourceTree = "<group>"; };
		CEBB3C3A19F89207000A4750 /* ViewController.swift */ = {isa = PBXFileReference; lastKnownFileType = sourcecode.swift; path = ViewController.swift; sourceTree = "<group>"; };
		CEBB3C3D19F89207000A4750 /* Base */ = {isa = PBXFileReference; lastKnownFileType = file.storyboard; name = Base; path = Base.lproj/Main.storyboard; sourceTree = "<group>"; };
		CEBB3C3F19F89207000A4750 /* Images.xcassets */ = {isa = PBXFileReference; lastKnownFileType = folder.assetcatalog; path = Images.xcassets; sourceTree = "<group>"; };
		CEBB3C4219F89207000A4750 /* Base */ = {isa = PBXFileReference; lastKnownFileType = file.xib; name = Base; path = Base.lproj/LaunchScreen.xib; sourceTree = "<group>"; };
		CEBB3C4819F89208000A4750 /* 99RedBalloonsTests.xctest */ = {isa = PBXFileReference; explicitFileType = wrapper.cfbundle; includeInIndex = 0; path = 99RedBalloonsTests.xctest; sourceTree = BUILT_PRODUCTS_DIR; };
		CEBB3C4D19F89208000A4750 /* Info.plist */ = {isa = PBXFileReference; lastKnownFileType = text.plist.xml; path = Info.plist; sourceTree = "<group>"; };
		CEBB3C4E19F89208000A4750 /* _9RedBalloonsTests.swift */ = {isa = PBXFileReference; lastKnownFileType = sourcecode.swift; path = _9RedBalloonsTests.swift; sourceTree = "<group>"; };
/* End PBXFileReference section */

/* Begin PBXFrameworksBuildPhase section */
		CEBB3C3019F89207000A4750 /* Frameworks */ = {
			isa = PBXFrameworksBuildPhase;
			buildActionMask = 2147483647;
			files = (
			);
			runOnlyForDeploymentPostprocessing = 0;
		};
		CEBB3C4519F89208000A4750 /* Frameworks */ = {
			isa = PBXFrameworksBuildPhase;
			buildActionMask = 2147483647;
			files = (
			);
			runOnlyForDeploymentPostprocessing = 0;
		};
/* End PBXFrameworksBuildPhase section */

/* Begin PBXGroup section */
		CEBB3C2A19F89207000A4750 = {
			isa = PBXGroup;
			children = (
				CEBB3C3519F89207000A4750 /* 99RedBalloons */,
				CEBB3C4B19F89208000A4750 /* 99RedBalloonsTests */,
				CEBB3C3419F89207000A4750 /* Products */,
			);
			sourceTree = "<group>";
		};
		CEBB3C3419F89207000A4750 /* Products */ = {
			isa = PBXGroup;
			children = (
				CEBB3C3319F89207000A4750 /* 99RedBalloons.app */,
				CEBB3C4819F89208000A4750 /* 99RedBalloonsTests.xctest */,
			);
			name = Products;
			sourceTree = "<group>";
		};
		CEBB3C3519F89207000A4750 /* 99RedBalloons */ = {
			isa = PBXGroup;
			children = (
				CEBB3C3819F89207000A4750 /* AppDelegate.swift */,
				CEBB3C3A19F89207000A4750 /* ViewController.swift */,
				CEBB3C3C19F89207000A4750 /* Main.storyboard */,
				CEBB3C3F19F89207000A4750 /* Images.xcassets */,
				CEBB3C4119F89207000A4750 /* LaunchScreen.xib */,
				CEBB3C3619F89207000A4750 /* Supporting Files */,
			);
			path = 99RedBalloons;
			sourceTree = "<group>";
		};
		CEBB3C3619F89207000A4750 /* Supporting Files */ = {
			isa = PBXGroup;
			children = (
				CEBB3C3719F89207000A4750 /* Info.plist */,
			);
			name = "Supporting Files";
			sourceTree = "<group>";
		};
		CEBB3C4B19F89208000A4750 /* 99RedBalloonsTests */ = {
			isa = PBXGroup;
			children = (
				CEBB3C4E19F89208000A4750 /* _9RedBalloonsTests.swift */,
				CEBB3C4C19F89208000A4750 /* Supporting Files */,
			);
			path = 99RedBalloonsTests;
			sourceTree = "<group>";
		};
		CEBB3C4C19F89208000A4750 /* Supporting Files */ = {
			isa = PBXGroup;
			children = (
				CEBB3C4D19F89208000A4750 /* Info.plist */,
			);
			name = "Supporting Files";
			sourceTree = "<group>";
		};
/* End PBXGroup section */

/* Begin PBXNativeTarget section */
		CEBB3C3219F89207000A4750 /* 99RedBalloons */ = {
			isa = PBXNativeTarget;
			buildConfigurationList = CEBB3C5219F89208000A4750 /* Build configuration list for PBXNativeTarget "99RedBalloons" */;
			buildPhases = (
				CEBB3C2F19F89207000A4750 /* Sources */,
				CEBB3C3019F89207000A4750 /* Frameworks */,
				CEBB3C3119F89207000A4750 /* Resources */,
			);
			buildRules = (
			);
			dependencies = (
			);
			name = 99RedBalloons;
			productName = 99RedBalloons;
			productReference = CEBB3C3319F89207000A4750 /* 99RedBalloons.app */;
			productType = "com.apple.product-type.application";
		};
		CEBB3C4719F89208000A4750 /* 99RedBalloonsTests */ = {
			isa = PBXNativeTarget;
			buildConfigurationList = CEBB3C5519F89208000A4750 /* Build configuration list for PBXNativeTarget "99RedBalloonsTests" */;
			buildPhases = (
				CEBB3C4419F89208000A4750 /* Sources */,
				CEBB3C4519F89208000A4750 /* Frameworks */,
				CEBB3C4619F89208000A4750 /* Resources */,
			);
			buildRules = (
			);
			dependencies = (
				CEBB3C4A19F89208000A4750 /* PBXTargetDependency */,
			);
			name = 99RedBalloonsTests;
			productName = 99RedBalloonsTests;
			productReference = CEBB3C4819F89208000A4750 /* 99RedBalloonsTests.xctest */;
			productType = "com.apple.product-type.bundle.unit-test";
		};
/* End PBXNativeTarget section */

/* Begin PBXProject section */
		CEBB3C2B19F89207000A4750 /* Project object */ = {
			isa = PBXProject;
			attributes = {
				LastUpgradeCheck = 0610;
				ORGANIZATIONNAME = Wub.com;
				TargetAttributes = {
					CEBB3C3219F89207000A4750 = {
						CreatedOnToolsVersion = 6.1;
					};
					CEBB3C4719F89208000A4750 = {
						CreatedOnToolsVersion = 6.1;
						TestTargetID = CEBB3C3219F89207000A4750;
					};
				};
			};
			buildConfigurationList = CEBB3C2E19F89207000A4750 /* Build configuration list for PBXProject "99RedBalloons" */;
			compatibilityVersion = "Xcode 3.2";
			developmentRegion = English;
			hasScannedForEncodings = 0;
			knownRegions = (
				en,
				Base,
			);
			mainGroup = CEBB3C2A19F89207000A4750;
			productRefGroup = CEBB3C3419F89207000A4750 /* Products */;
			projectDirPath = "";
			projectRoot = "";
			targets = (
				CEBB3C3219F89207000A4750 /* 99RedBalloons */,
				CEBB3C4719F89208000A4750 /* 99RedBalloonsTests */,
			);
		};
/* End PBXProject section */

/* Begin PBXResourcesBuildPhase section */
		CEBB3C3119F89207000A4750 /* Resources */ = {
			isa = PBXResourcesBuildPhase;
			buildActionMask = 2147483647;
			files = (
				CEBB3C3E19F89207000A4750 /* Main.storyboard in Resources */,
				CEBB3C4319F89207000A4750 /* LaunchScreen.xib in Resources */,
				CEBB3C4019F89207000A4750 /* Images.xcassets in Resources */,
			);
			runOnlyForDeploymentPostprocessing = 0;
		};
		CEBB3C4619F89208000A4750 /* Resources */ = {
			isa = PBXResourcesBuildPhase;
			buildActionMask = 2147483647;
			files = (
			);
			runOnlyForDeploymentPostprocessing = 0;
		};
/* End PBXResourcesBuildPhase section */

/* Begin PBXSourcesBuildPhase section */
		CEBB3C2F19F89207000A4750 /* Sources */ = {
			isa = PBXSourcesBuildPhase;
			buildActionMask = 2147483647;
			files = (
				CEBB3C3B19F89207000A4750 /* ViewController.swift in Sources */,
				CEBB3C3919F89207000A4750 /* AppDelegate.swift in Sources */,
			);
			runOnlyForDeploymentPostprocessing = 0;
		};
		CEBB3C4419F89208000A4750 /* Sources */ = {
			isa = PBXSourcesBuildPhase;
			buildActionMask = 2147483647;
			files = (
				CEBB3C4F19F89208000A4750 /* _9RedBalloonsTests.swift in Sources */,
			);
			runOnlyForDeploymentPostprocessing = 0;
		};
/* End PBXSourcesBuildPhase section */

/* Begin PBXTargetDependency section */
		CEBB3C4A19F89208000A4750 /* PBXTargetDependency */ = {
			isa = PBXTargetDependency;
			target = CEBB3C3219F89207000A4750 /* 99RedBalloons */;
			targetProxy = CEBB3C4919F89208000A4750 /* PBXContainerItemProxy */;
		};
/* End PBXTargetDependency section */

/* Begin PBXVariantGroup section */
		CEBB3C3C19F89207000A4750 /* Main.storyboard */ = {
			isa = PBXVariantGroup;
			children = (
				CEBB3C3D19F89207000A4750 /* Base */,
			);
			name = Main.storyboard;
			sourceTree = "<group>";
		};
		CEBB3C4119F89207000A4750 /* LaunchScreen.xib */ = {
			isa = PBXVariantGroup;
			children = (
				CEBB3C4219F89207000A4750 /* Base */,
			);
			name = LaunchScreen.xib;
			sourceTree = "<group>";
		};
/* End PBXVariantGroup section */

/* Begin XCBuildConfiguration section */
		CEBB3C5019F89208000A4750 /* Debug */ = {
			isa = XCBuildConfiguration;
			buildSettings = {
				ALWAYS_SEARCH_USER_PATHS = NO;
				CLANG_CXX_LANGUAGE_STANDARD = "gnu++0x";
				CLANG_CXX_LIBRARY = "libc++";
				CLANG_ENABLE_MODULES = YES;
				CLANG_ENABLE_OBJC_ARC = YES;
				CLANG_WARN_BOOL_CONVERSION = YES;
				CLANG_WARN_CONSTANT_CONVERSION = YES;
				CLANG_WARN_DIRECT_OBJC_ISA_USAGE = YES_ERROR;
				CLANG_WARN_EMPTY_BODY = YES;
				CLANG_WARN_ENUM_CONVERSION = YES;
				CLANG_WARN_INT_CONVERSION = YES;
				CLANG_WARN_OBJC_ROOT_CLASS = YES_ERROR;
				CLANG_WARN_UNREACHABLE_CODE = YES;
				CLANG_WARN__DUPLICATE_METHOD_MATCH = YES;
				"CODE_SIGN_IDENTITY[sdk=iphoneos*]" = "iPhone Developer";
				COPY_PHASE_STRIP = NO;
				ENABLE_STRICT_OBJC_MSGSEND = YES;
				GCC_C_LANGUAGE_STANDARD = gnu99;
				GCC_DYNAMIC_NO_PIC = NO;
				GCC_OPTIMIZATION_LEVEL = 0;
				GCC_PREPROCESSOR_DEFINITIONS = (
					"DEBUG=1",
					"$(inherited)",
				);
				GCC_SYMBOLS_PRIVATE_EXTERN = NO;
				GCC_WARN_64_TO_32_BIT_CONVERSION = YES;
				GCC_WARN_ABOUT_RETURN_TYPE = YES_ERROR;
				GCC_WARN_UNDECLARED_SELECTOR = YES;
				GCC_WARN_UNINITIALIZED_AUTOS = YES_AGGRESSIVE;
				GCC_WARN_UNUSED_FUNCTION = YES;
				GCC_WARN_UNUSED_VARIABLE = YES;
				IPHONEOS_DEPLOYMENT_TARGET = 8.1;
				MTL_ENABLE_DEBUG_INFO = YES;
				ONLY_ACTIVE_ARCH = YES;
				SDKROOT = iphoneos;
				SWIFT_OPTIMIZATION_LEVEL = "-Onone";
				TARGETED_DEVICE_FAMILY = "1,2";
			};
			name = Debug;
		};
		CEBB3C5119F89208000A4750 /* Release */ = {
			isa = XCBuildConfiguration;
			buildSettings = {
				ALWAYS_SEARCH_USER_PATHS = NO;
				CLANG_CXX_LANGUAGE_STANDARD = "gnu++0x";
				CLANG_CXX_LIBRARY = "libc++";
				CLANG_ENABLE_MODULES = YES;
				CLANG_ENABLE_OBJC_ARC = YES;
				CLANG_WARN_BOOL_CONVERSION = YES;
				CLANG_WARN_CONSTANT_CONVERSION = YES;
				CLANG_WARN_DIRECT_OBJC_ISA_USAGE = YES_ERROR;
				CLANG_WARN_EMPTY_BODY = YES;
				CLANG_WARN_ENUM_CONVERSION = YES;
				CLANG_WARN_INT_CONVERSION = YES;
				CLANG_WARN_OBJC_ROOT_CLASS = YES_ERROR;
				CLANG_WARN_UNREACHABLE_CODE = YES;
				CLANG_WARN__DUPLICATE_METHOD_MATCH = YES;
				"CODE_SIGN_IDENTITY[sdk=iphoneos*]" = "iPhone Developer";
				COPY_PHASE_STRIP = YES;
				ENABLE_NS_ASSERTIONS = NO;
				ENABLE_STRICT_OBJC_MSGSEND = YES;
				GCC_C_LANGUAGE_STANDARD = gnu99;
				GCC_WARN_64_TO_32_BIT_CONVERSION = YES;
				GCC_WARN_ABOUT_RETURN_TYPE = YES_ERROR;
				GCC_WARN_UNDECLARED_SELECTOR = YES;
				GCC_WARN_UNINITIALIZED_AUTOS = YES_AGGRESSIVE;
				GCC_WARN_UNUSED_FUNCTION = YES;
				GCC_WARN_UNUSED_VARIABLE = YES;
				IPHONEOS_DEPLOYMENT_TARGET = 8.1;
				MTL_ENABLE_DEBUG_INFO = NO;
				SDKROOT = iphoneos;
				TARGETED_DEVICE_FAMILY = "1,2";
				VALIDATE_PRODUCT = YES;
			};
			name = Release;
		};
		CEBB3C5319F89208000A4750 /* Debug */ = {
			isa = XCBuildConfiguration;
			buildSettings = {
				ASSETCATALOG_COMPILER_APPICON_NAME = AppIcon;
				INFOPLIST_FILE = 99RedBalloons/Info.plist;
				LD_RUNPATH_SEARCH_PATHS = "$(inherited) @executable_path/Frameworks";
				PRODUCT_NAME = "$(TARGET_NAME)";
			};
			name = Debug;
		};
		CEBB3C5419F89208000A4750 /* Release */ = {
			isa = XCBuildConfiguration;
			buildSettings = {
				ASSETCATALOG_COMPILER_APPICON_NAME = AppIcon;
				INFOPLIST_FILE = 99RedBalloons/Info.plist;
				LD_RUNPATH_SEARCH_PATHS = "$(inherited) @executable_path/Frameworks";
				PRODUCT_NAME = "$(TARGET_NAME)";
			};
			name = Release;
		};
		CEBB3C5619F89208000A4750 /* Debug */ = {
			isa = XCBuildConfiguration;
			buildSettings = {
				BUNDLE_LOADER = "$(TEST_HOST)";
				FRAMEWORK_SEARCH_PATHS = (
					"$(SDKROOT)/Developer/Library/Frameworks",
					"$(inherited)",
				);
				GCC_PREPROCESSOR_DEFINITIONS = (
					"DEBUG=1",
					"$(inherited)",
				);
				INFOPLIST_FILE = 99RedBalloonsTests/Info.plist;
				LD_RUNPATH_SEARCH_PATHS = "$(inherited) @executable_path/Frameworks @loader_path/Frameworks";
				PRODUCT_NAME = "$(TARGET_NAME)";
				TEST_HOST = "$(BUILT_PRODUCTS_DIR)/99RedBalloons.app/99RedBalloons";
			};
			name = Debug;
		};
		CEBB3C5719F89208000A4750 /* Release */ = {
			isa = XCBuildConfiguration;
			buildSettings = {
				BUNDLE_LOADER = "$(TEST_HOST)";
				FRAMEWORK_SEARCH_PATHS = (
					"$(SDKROOT)/Developer/Library/Frameworks",
					"$(inherited)",
				);
				INFOPLIST_FILE = 99RedBalloonsTests/Info.plist;
				LD_RUNPATH_SEARCH_PATHS = "$(inherited) @executable_path/Frameworks @loader_path/Frameworks";
				PRODUCT_NAME = "$(TARGET_NAME)";
				TEST_HOST = "$(BUILT_PRODUCTS_DIR)/99RedBalloons.app/99RedBalloons";
			};
			name = Release;
		};
/* End XCBuildConfiguration section */

/* Begin XCConfigurationList section */
		CEBB3C2E19F89207000A4750 /* Build configuration list for PBXProject "99RedBalloons" */ = {
			isa = XCConfigurationList;
			buildConfigurations = (
				CEBB3C5019F89208000A4750 /* Debug */,
				CEBB3C5119F89208000A4750 /* Release */,
			);
			defaultConfigurationIsVisible = 0;
			defaultConfigurationName = Release;
		};
		CEBB3C5219F89208000A4750 /* Build configuration list for PBXNativeTarget "99RedBalloons" */ = {
			isa = XCConfigurationList;
			buildConfigurations = (
				CEBB3C5319F89208000A4750 /* Debug */,
				CEBB3C5419F89208000A4750 /* Release */,
			);
			defaultConfigurationIsVisible = 0;
		};
		CEBB3C5519F89208000A4750 /* Build configuration list for PBXNativeTarget "99RedBalloonsTests" */ = {
			isa = XCConfigurationList;
			buildConfigurations = (
				CEBB3C5619F89208000A4750 /* Debug */,
				CEBB3C5719F89208000A4750 /* Release */,
			);
			defaultConfigurationIsVisible = 0;
		};
/* End XCConfigurationList section */
	};
	rootObject = CEBB3C2B19F89207000A4750 /* Project object */;
}
